{
  "name": "bootstrap4",
  "lockfileVersion": 2,
  "requires": true,
  "packages": {
    "": {
      "dependencies": {
        "bootstrap-icons": "^1.10.5",
        "holderjs": "^2.9.9"
      }
    },
    "node_modules/bootstrap-icons": {
      "version": "1.10.5",
      "resolved": "https://registry.npmjs.org/bootstrap-icons/-/bootstrap-icons-1.10.5.tgz",
      "integrity": "sha512-oSX26F37V7QV7NCE53PPEL45d7EGXmBgHG3pDpZvcRaKVzWMqIRL9wcqJUyEha1esFtM3NJzvmxFXDxjJYD0jQ==",
      "funding": [
        {
          "type": "github",
          "url": "https://github.com/sponsors/twbs"
        },
        {
          "type": "opencollective",
          "url": "https://opencollective.com/bootstrap"
        }
      ]
    },
    "node_modules/holderjs": {
      "version": "2.9.9",
      "resolved": "https://registry.npmjs.org/holderjs/-/holderjs-2.9.9.tgz",
      "integrity": "sha512-ceWPz1MrR3dxOoZXiom+G48+l1VPG3TcjBw9fq5iwCiZAMvYX8Aia13GOxT7DoV/AcSyTH7Vvr11ygjZP9qn4w=="
    }
  },
  "dependencies": {
    "bootstrap-icons": {
      "version": "1.10.5",
      "resolved": "https://registry.npmjs.org/bootstrap-icons/-/bootstrap-icons-1.10.5.tgz",
      "integrity": "sha512-oSX26F37V7QV7NCE53PPEL45d7EGXmBgHG3pDpZvcRaKVzWMqIRL9wcqJUyEha1esFtM3NJzvmxFXDxjJYD0jQ=="
    },
    "holderjs": {
      "version": "2.9.9",
      "resolved": "https://registry.npmjs.org/holderjs/-/holderjs-2.9.9.tgz",
      "integrity": "sha512-ceWPz1MrR3dxOoZXiom+G48+l1VPG3TcjBw9fq5iwCiZAMvYX8Aia13GOxT7DoV/AcSyTH7Vvr11ygjZP9qn4w=="
    }
  }
}
